// !$*UTF8*$!
{
	archiveVersion = 1;
	classes = {
	};
	objectVersion = 46;
	objects = {

/* Begin PBXBuildFile section */
		1A0261A82454568C000259C5 /* Questations.plist in Resources */ = {isa = PBXBuildFile; fileRef = 1A0261A72454568C000259C5 /* Questations.plist */; };
		1A0406E1245639330093655A /* fire.png in Resources */ = {isa = PBXBuildFile; fileRef = 1A0406E0245639320093655A /* fire.png */; };
		1A38D7F8245555840099B3E7 /* alban.jpg in Resources */ = {isa = PBXBuildFile; fileRef = 1A38D7DA245555840099B3E7 /* alban.jpg */; };
		1A38D7F9245555840099B3E7 /* belg.jpg in Resources */ = {isa = PBXBuildFile; fileRef = 1A38D7DB245555840099B3E7 /* belg.jpg */; };
		1A38D7FA245555840099B3E7 /* bhutan.jpg in Resources */ = {isa = PBXBuildFile; fileRef = 1A38D7DC245555840099B3E7 /* bhutan.jpg */; };
		1A38D7FB245555840099B3E7 /* cambodia.jpg in Resources */ = {isa = PBXBuildFile; fileRef = 1A38D7DD245555840099B3E7 /* cambodia.jpg */; };
		1A38D7FC245555840099B3E7 /* cameroon.jpg in Resources */ = {isa = PBXBuildFile; fileRef = 1A38D7DE245555840099B3E7 /* cameroon.jpg */; };
		1A38D7FD245555840099B3E7 /* capeVerde.jpg in Resources */ = {isa = PBXBuildFile; fileRef = 1A38D7DF245555840099B3E7 /* capeVerde.jpg */; };
		1A38D7FE245555840099B3E7 /* chile.jpg in Resources */ = {isa = PBXBuildFile; fileRef = 1A38D7E0245555840099B3E7 /* chile.jpg */; };
		1A38D7FF245555840099B3E7 /* china.jpg in Resources */ = {isa = PBXBuildFile; fileRef = 1A38D7E1245555840099B3E7 /* china.jpg */; };
		1A38D800245555840099B3E7 /* colombia.jpg in Resources */ = {isa = PBXBuildFile; fileRef = 1A38D7E2245555840099B3E7 /* colombia.jpg */; };
		1A38D801245555840099B3E7 /* czech.jpg in Resources */ = {isa = PBXBuildFile; fileRef = 1A38D7E3245555840099B3E7 /* czech.jpg */; };
		1A38D802245555840099B3E7 /* egypt.jpg in Resources */ = {isa = PBXBuildFile; fileRef = 1A38D7E4245555840099B3E7 /* egypt.jpg */; };
		1A38D803245555840099B3E7 /* france.jpg in Resources */ = {isa = PBXBuildFile; fileRef = 1A38D7E5245555840099B3E7 /* france.jpg */; };
		1A38D804245555840099B3E7 /* georgia.jpg in Resources */ = {isa = PBXBuildFile; fileRef = 1A38D7E6245555840099B3E7 /* georgia.jpg */; };
		1A38D805245555840099B3E7 /* germany.jpg in Resources */ = {isa = PBXBuildFile; fileRef = 1A38D7E7245555840099B3E7 /* germany.jpg */; };
		1A38D806245555840099B3E7 /* ghana.jpg in Resources */ = {isa = PBXBuildFile; fileRef = 1A38D7E8245555840099B3E7 /* ghana.jpg */; };
		1A38D807245555840099B3E7 /* iraq.jpg in Resources */ = {isa = PBXBuildFile; fileRef = 1A38D7E9245555840099B3E7 /* iraq.jpg */; };
		1A38D808245555840099B3E7 /* israil.jpg in Resources */ = {isa = PBXBuildFile; fileRef = 1A38D7EA245555840099B3E7 /* israil.jpg */; };
		1A38D809245555840099B3E7 /* italy.jpg in Resources */ = {isa = PBXBuildFile; fileRef = 1A38D7EB245555840099B3E7 /* italy.jpg */; };
		1A38D80A245555840099B3E7 /* japan.jpg in Resources */ = {isa = PBXBuildFile; fileRef = 1A38D7EC245555840099B3E7 /* japan.jpg */; };
		1A38D80B245555840099B3E7 /* rus.jpg in Resources */ = {isa = PBXBuildFile; fileRef = 1A38D7ED245555840099B3E7 /* rus.jpg */; };
		1A38D80C245555840099B3E7 /* saudi.jpg in Resources */ = {isa = PBXBuildFile; fileRef = 1A38D7EE245555840099B3E7 /* saudi.jpg */; };
		1A38D80D245555840099B3E7 /* senegal.jpg in Resources */ = {isa = PBXBuildFile; fileRef = 1A38D7EF245555840099B3E7 /* senegal.jpg */; };
		1A38D80E245555840099B3E7 /* southAfrica.jpg in Resources */ = {isa = PBXBuildFile; fileRef = 1A38D7F0245555840099B3E7 /* southAfrica.jpg */; };
		1A38D80F245555840099B3E7 /* spain.jpg in Resources */ = {isa = PBXBuildFile; fileRef = 1A38D7F1245555840099B3E7 /* spain.jpg */; };
		1A38D810245555840099B3E7 /* swiss.jpg in Resources */ = {isa = PBXBuildFile; fileRef = 1A38D7F2245555840099B3E7 /* swiss.jpg */; };
		1A38D811245555840099B3E7 /* trinidadAndTobago.jpg in Resources */ = {isa = PBXBuildFile; fileRef = 1A38D7F3245555840099B3E7 /* trinidadAndTobago.jpg */; };
		1A38D812245555840099B3E7 /* turkey.jpg in Resources */ = {isa = PBXBuildFile; fileRef = 1A38D7F4245555840099B3E7 /* turkey.jpg */; };
		1A38D813245555840099B3E7 /* uruguay.jpg in Resources */ = {isa = PBXBuildFile; fileRef = 1A38D7F5245555840099B3E7 /* uruguay.jpg */; };
		1A38D814245555840099B3E7 /* usa.jpg in Resources */ = {isa = PBXBuildFile; fileRef = 1A38D7F6245555840099B3E7 /* usa.jpg */; };
		1A38D815245555840099B3E7 /* venezuela.jpg in Resources */ = {isa = PBXBuildFile; fileRef = 1A38D7F7245555840099B3E7 /* venezuela.jpg */; };
		1A4E470E24458E1900B4E8E0 /* main.m in Sources */ = {isa = PBXBuildFile; fileRef = 1A4E470D24458E1900B4E8E0 /* main.m */; };
		1A4E471124458E1900B4E8E0 /* AppDelegate.m in Sources */ = {isa = PBXBuildFile; fileRef = 1A4E471024458E1900B4E8E0 /* AppDelegate.m */; };
		1A4E471424458E1900B4E8E0 /* ViewController.m in Sources */ = {isa = PBXBuildFile; fileRef = 1A4E471324458E1900B4E8E0 /* ViewController.m */; };
		1A4E471724458E1900B4E8E0 /* Main.storyboard in Resources */ = {isa = PBXBuildFile; fileRef = 1A4E471524458E1900B4E8E0 /* Main.storyboard */; };
		1A4E471924458E1900B4E8E0 /* Assets.xcassets in Resources */ = {isa = PBXBuildFile; fileRef = 1A4E471824458E1900B4E8E0 /* Assets.xcassets */; };
		1A4E471C24458E1900B4E8E0 /* LaunchScreen.storyboard in Resources */ = {isa = PBXBuildFile; fileRef = 1A4E471A24458E1900B4E8E0 /* LaunchScreen.storyboard */; };
/* End PBXBuildFile section */

/* Begin PBXFileReference section */
		1A0261A72454568C000259C5 /* Questations.plist */ = {isa = PBXFileReference; fileEncoding = 4; lastKnownFileType = text.plist.xml; path = Questations.plist; sourceTree = "<group>"; };
		1A0406E0245639320093655A /* fire.png */ = {isa = PBXFileReference; lastKnownFileType = image.png; path = fire.png; sourceTree = "<group>"; };
		1A38D7DA245555840099B3E7 /* alban.jpg */ = {isa = PBXFileReference; lastKnownFileType = image.jpeg; path = alban.jpg; sourceTree = "<group>"; };
		1A38D7DB245555840099B3E7 /* belg.jpg */ = {isa = PBXFileReference; lastKnownFileType = image.jpeg; path = belg.jpg; sourceTree = "<group>"; };
		1A38D7DC245555840099B3E7 /* bhutan.jpg */ = {isa = PBXFileReference; lastKnownFileType = image.jpeg; path = bhutan.jpg; sourceTree = "<group>"; };
		1A38D7DD245555840099B3E7 /* cambodia.jpg */ = {isa = PBXFileReference; lastKnownFileType = image.jpeg; path = cambodia.jpg; sourceTree = "<group>"; };
		1A38D7DE245555840099B3E7 /* cameroon.jpg */ = {isa = PBXFileReference; lastKnownFileType = image.jpeg; path = cameroon.jpg; sourceTree = "<group>"; };
		1A38D7DF245555840099B3E7 /* capeVerde.jpg */ = {isa = PBXFileReference; lastKnownFileType = image.jpeg; path = capeVerde.jpg; sourceTree = "<group>"; };
		1A38D7E0245555840099B3E7 /* chile.jpg */ = {isa = PBXFileReference; lastKnownFileType = image.jpeg; path = chile.jpg; sourceTree = "<group>"; };
		1A38D7E1245555840099B3E7 /* china.jpg */ = {isa = PBXFileReference; lastKnownFileType = image.jpeg; path = china.jpg; sourceTree = "<group>"; };
		1A38D7E2245555840099B3E7 /* colombia.jpg */ = {isa = PBXFileReference; lastKnownFileType = image.jpeg; path = colombia.jpg; sourceTree = "<group>"; };
		1A38D7E3245555840099B3E7 /* czech.jpg */ = {isa = PBXFileReference; lastKnownFileType = image.jpeg; path = czech.jpg; sourceTree = "<group>"; };
		1A38D7E4245555840099B3E7 /* egypt.jpg */ = {isa = PBXFileReference; lastKnownFileType = image.jpeg; path = egypt.jpg; sourceTree = "<group>"; };
		1A38D7E5245555840099B3E7 /* france.jpg */ = {isa = PBXFileReference; lastKnownFileType = image.jpeg; path = france.jpg; sourceTree = "<group>"; };
		1A38D7E6245555840099B3E7 /* georgia.jpg */ = {isa = PBXFileReference; lastKnownFileType = image.jpeg; path = georgia.jpg; sourceTree = "<group>"; };
		1A38D7E7245555840099B3E7 /* germany.jpg */ = {isa = PBXFileReference; lastKnownFileType = image.jpeg; path = germany.jpg; sourceTree = "<group>"; };
		1A38D7E8245555840099B3E7 /* ghana.jpg */ = {isa = PBXFileReference; lastKnownFileType = image.jpeg; path = ghana.jpg; sourceTree = "<group>"; };
		1A38D7E9245555840099B3E7 /* iraq.jpg */ = {isa = PBXFileReference; lastKnownFileType = image.jpeg; path = iraq.jpg; sourceTree = "<group>"; };
		1A38D7EA245555840099B3E7 /* israil.jpg */ = {isa = PBXFileReference; lastKnownFileType = image.jpeg; path = israil.jpg; sourceTree = "<group>"; };
		1A38D7EB245555840099B3E7 /* italy.jpg */ = {isa = PBXFileReference; lastKnownFileType = image.jpeg; path = italy.jpg; sourceTree = "<group>"; };
		1A38D7EC245555840099B3E7 /* japan.jpg */ = {isa = PBXFileReference; lastKnownFileType = image.jpeg; path = japan.jpg; sourceTree = "<group>"; };
		1A38D7ED245555840099B3E7 /* rus.jpg */ = {isa = PBXFileReference; lastKnownFileType = image.jpeg; path = rus.jpg; sourceTree = "<group>"; };
		1A38D7EE245555840099B3E7 /* saudi.jpg */ = {isa = PBXFileReference; lastKnownFileType = image.jpeg; path = saudi.jpg; sourceTree = "<group>"; };
		1A38D7EF245555840099B3E7 /* senegal.jpg */ = {isa = PBXFileReference; lastKnownFileType = image.jpeg; path = senegal.jpg; sourceTree = "<group>"; };
		1A38D7F0245555840099B3E7 /* southAfrica.jpg */ = {isa = PBXFileReference; lastKnownFileType = image.jpeg; path = southAfrica.jpg; sourceTree = "<group>"; };
		1A38D7F1245555840099B3E7 /* spain.jpg */ = {isa = PBXFileReference; lastKnownFileType = image.jpeg; path = spain.jpg; sourceTree = "<group>"; };
		1A38D7F2245555840099B3E7 /* swiss.jpg */ = {isa = PBXFileReference; lastKnownFileType = image.jpeg; path = swiss.jpg; sourceTree = "<group>"; };
		1A38D7F3245555840099B3E7 /* trinidadAndTobago.jpg */ = {isa = PBXFileReference; lastKnownFileType = image.jpeg; path = trinidadAndTobago.jpg; sourceTree = "<group>"; };
		1A38D7F4245555840099B3E7 /* turkey.jpg */ = {isa = PBXFileReference; lastKnownFileType = image.jpeg; path = turkey.jpg; sourceTree = "<group>"; };
		1A38D7F5245555840099B3E7 /* uruguay.jpg */ = {isa = PBXFileReference; lastKnownFileType = image.jpeg; path = uruguay.jpg; sourceTree = "<group>"; };
		1A38D7F6245555840099B3E7 /* usa.jpg */ = {isa = PBXFileReference; lastKnownFileType = image.jpeg; path = usa.jpg; sourceTree = "<group>"; };
		1A38D7F7245555840099B3E7 /* venezuela.jpg */ = {isa = PBXFileReference; lastKnownFileType = image.jpeg; path = venezuela.jpg; sourceTree = "<group>"; };
		1A4E470924458E1900B4E8E0 /* CuisineTest.app */ = {isa = PBXFileReference; explicitFileType = wrapper.application; includeInIndex = 0; path = CuisineTest.app; sourceTree = BUILT_PRODUCTS_DIR; };
		1A4E470D24458E1900B4E8E0 /* main.m */ = {isa = PBXFileReference; lastKnownFileType = sourcecode.c.objc; path = main.m; sourceTree = "<group>"; };
		1A4E470F24458E1900B4E8E0 /* AppDelegate.h */ = {isa = PBXFileReference; lastKnownFileType = sourcecode.c.h; path = AppDelegate.h; sourceTree = "<group>"; };
		1A4E471024458E1900B4E8E0 /* AppDelegate.m */ = {isa = PBXFileReference; lastKnownFileType = sourcecode.c.objc; path = AppDelegate.m; sourceTree = "<group>"; };
		1A4E471224458E1900B4E8E0 /* ViewController.h */ = {isa = PBXFileReference; lastKnownFileType = sourcecode.c.h; path = ViewController.h; sourceTree = "<group>"; };
		1A4E471324458E1900B4E8E0 /* ViewController.m */ = {isa = PBXFileReference; lastKnownFileType = sourcecode.c.objc; path = ViewController.m; sourceTree = "<group>"; };
		1A4E471624458E1900B4E8E0 /* Base */ = {isa = PBXFileReference; lastKnownFileType = file.storyboard; name = Base; path = Base.lproj/Main.storyboard; sourceTree = "<group>"; };
		1A4E471824458E1900B4E8E0 /* Assets.xcassets */ = {isa = PBXFileReference; lastKnownFileType = folder.assetcatalog; path = Assets.xcassets; sourceTree = "<group>"; };
		1A4E471B24458E1900B4E8E0 /* Base */ = {isa = PBXFileReference; lastKnownFileType = file.storyboard; name = Base; path = Base.lproj/LaunchScreen.storyboard; sourceTree = "<group>"; };
		1A4E471D24458E1900B4E8E0 /* Info.plist */ = {isa = PBXFileReference; lastKnownFileType = text.plist.xml; path = Info.plist; sourceTree = "<group>"; };
/* End PBXFileReference section */

/* Begin PBXFrameworksBuildPhase section */
		1A4E470624458E1900B4E8E0 /* Frameworks */ = {
			isa = PBXFrameworksBuildPhase;
			buildActionMask = 2147483647;
			files = (
			);
			runOnlyForDeploymentPostprocessing = 0;
		};
/* End PBXFrameworksBuildPhase section */

/* Begin PBXGroup section */
		1A38D7D9245555590099B3E7 /* pictures */ = {
			isa = PBXGroup;
			children = (
				1A0406E0245639320093655A /* fire.png */,
				1A38D7DA245555840099B3E7 /* alban.jpg */,
				1A38D7DB245555840099B3E7 /* belg.jpg */,
				1A38D7DC245555840099B3E7 /* bhutan.jpg */,
				1A38D7DD245555840099B3E7 /* cambodia.jpg */,
				1A38D7DE245555840099B3E7 /* cameroon.jpg */,
				1A38D7DF245555840099B3E7 /* capeVerde.jpg */,
				1A38D7E0245555840099B3E7 /* chile.jpg */,
				1A38D7E1245555840099B3E7 /* china.jpg */,
				1A38D7E2245555840099B3E7 /* colombia.jpg */,
				1A38D7E3245555840099B3E7 /* czech.jpg */,
				1A38D7E4245555840099B3E7 /* egypt.jpg */,
				1A38D7E5245555840099B3E7 /* france.jpg */,
				1A38D7E6245555840099B3E7 /* georgia.jpg */,
				1A38D7E7245555840099B3E7 /* germany.jpg */,
				1A38D7E8245555840099B3E7 /* ghana.jpg */,
				1A38D7E9245555840099B3E7 /* iraq.jpg */,
				1A38D7EA245555840099B3E7 /* israil.jpg */,
				1A38D7EB245555840099B3E7 /* italy.jpg */,
				1A38D7EC245555840099B3E7 /* japan.jpg */,
				1A38D7ED245555840099B3E7 /* rus.jpg */,
				1A38D7EE245555840099B3E7 /* saudi.jpg */,
				1A38D7EF245555840099B3E7 /* senegal.jpg */,
				1A38D7F0245555840099B3E7 /* southAfrica.jpg */,
				1A38D7F1245555840099B3E7 /* spain.jpg */,
				1A38D7F2245555840099B3E7 /* swiss.jpg */,
				1A38D7F3245555840099B3E7 /* trinidadAndTobago.jpg */,
				1A38D7F4245555840099B3E7 /* turkey.jpg */,
				1A38D7F5245555840099B3E7 /* uruguay.jpg */,
				1A38D7F6245555840099B3E7 /* usa.jpg */,
				1A38D7F7245555840099B3E7 /* venezuela.jpg */,
			);
			name = pictures;
			sourceTree = "<group>";
		};
		1A4E470024458E1900B4E8E0 = {
			isa = PBXGroup;
			children = (
				1A4E470B24458E1900B4E8E0 /* CuisineTest */,
				1A4E470A24458E1900B4E8E0 /* Products */,
			);
			sourceTree = "<group>";
		};
		1A4E470A24458E1900B4E8E0 /* Products */ = {
			isa = PBXGroup;
			children = (
				1A4E470924458E1900B4E8E0 /* CuisineTest.app */,
			);
			name = Products;
			sourceTree = "<group>";
		};
		1A4E470B24458E1900B4E8E0 /* CuisineTest */ = {
			isa = PBXGroup;
			children = (
				1A4E470F24458E1900B4E8E0 /* AppDelegate.h */,
				1A4E471024458E1900B4E8E0 /* AppDelegate.m */,
				1A4E471224458E1900B4E8E0 /* ViewController.h */,
				1A4E471324458E1900B4E8E0 /* ViewController.m */,
				1A4E471524458E1900B4E8E0 /* Main.storyboard */,
				1A4E471824458E1900B4E8E0 /* Assets.xcassets */,
				1A4E471A24458E1900B4E8E0 /* LaunchScreen.storyboard */,
				1A4E471D24458E1900B4E8E0 /* Info.plist */,
				1A4E470C24458E1900B4E8E0 /* Supporting Files */,
			);
			path = CuisineTest;
			sourceTree = "<group>";
		};
		1A4E470C24458E1900B4E8E0 /* Supporting Files */ = {
			isa = PBXGroup;
			children = (
				1A0261A72454568C000259C5 /* Questations.plist */,
				1A38D7D9245555590099B3E7 /* pictures */,
				1A4E470D24458E1900B4E8E0 /* main.m */,
			);
			name = "Supporting Files";
			sourceTree = "<group>";
		};
/* End PBXGroup section */

/* Begin PBXNativeTarget section */
		1A4E470824458E1900B4E8E0 /* CuisineTest */ = {
			isa = PBXNativeTarget;
			buildConfigurationList = 1A4E472024458E1900B4E8E0 /* Build configuration list for PBXNativeTarget "CuisineTest" */;
			buildPhases = (
				1A4E470524458E1900B4E8E0 /* Sources */,
				1A4E470624458E1900B4E8E0 /* Frameworks */,
				1A4E470724458E1900B4E8E0 /* Resources */,
			);
			buildRules = (
			);
			dependencies = (
			);
			name = CuisineTest;
			productName = CuisineTest;
			productReference = 1A4E470924458E1900B4E8E0 /* CuisineTest.app */;
			productType = "com.apple.product-type.application";
		};
/* End PBXNativeTarget section */

/* Begin PBXProject section */
		1A4E470124458E1900B4E8E0 /* Project object */ = {
			isa = PBXProject;
			attributes = {
				LastUpgradeCheck = 0830;
				ORGANIZATIONNAME = "O’lmasbek Axtamov";
				TargetAttributes = {
					1A4E470824458E1900B4E8E0 = {
						CreatedOnToolsVersion = 8.3.3;
						ProvisioningStyle = Automatic;
					};
				};
			};
			buildConfigurationList = 1A4E470424458E1900B4E8E0 /* Build configuration list for PBXProject "CuisineTest" */;
			compatibilityVersion = "Xcode 3.2";
			developmentRegion = English;
			hasScannedForEncodings = 0;
			knownRegions = (
				en,
				Base,
			);
			mainGroup = 1A4E470024458E1900B4E8E0;
			productRefGroup = 1A4E470A24458E1900B4E8E0 /* Products */;
			projectDirPath = "";
			projectRoot = "";
			targets = (
				1A4E470824458E1900B4E8E0 /* CuisineTest */,
			);
		};
/* End PBXProject section */

/* Begin PBXResourcesBuildPhase section */
		1A4E470724458E1900B4E8E0 /* Resources */ = {
			isa = PBXResourcesBuildPhase;
			buildActionMask = 2147483647;
			files = (
				1A4E471C24458E1900B4E8E0 /* LaunchScreen.storyboard in Resources */,
				1A38D807245555840099B3E7 /* iraq.jpg in Resources */,
				1A38D80F245555840099B3E7 /* spain.jpg in Resources */,
				1A38D802245555840099B3E7 /* egypt.jpg in Resources */,
				1A38D800245555840099B3E7 /* colombia.jpg in Resources */,
				1A38D803245555840099B3E7 /* france.jpg in Resources */,
				1A38D7FC245555840099B3E7 /* cameroon.jpg in Resources */,
				1A38D7F9245555840099B3E7 /* belg.jpg in Resources */,
				1A38D813245555840099B3E7 /* uruguay.jpg in Resources */,
				1A38D7FF245555840099B3E7 /* china.jpg in Resources */,
				1A38D80D245555840099B3E7 /* senegal.jpg in Resources */,
				1A38D811245555840099B3E7 /* trinidadAndTobago.jpg in Resources */,
				1A4E471924458E1900B4E8E0 /* Assets.xcassets in Resources */,
				1A38D7FA245555840099B3E7 /* bhutan.jpg in Resources */,
				1A38D805245555840099B3E7 /* germany.jpg in Resources */,
				1A38D80B245555840099B3E7 /* rus.jpg in Resources */,
				1A38D7FB245555840099B3E7 /* cambodia.jpg in Resources */,
				1A38D804245555840099B3E7 /* georgia.jpg in Resources */,
				1A38D80E245555840099B3E7 /* southAfrica.jpg in Resources */,
				1A38D7F8245555840099B3E7 /* alban.jpg in Resources */,
				1A4E471724458E1900B4E8E0 /* Main.storyboard in Resources */,
				1A38D810245555840099B3E7 /* swiss.jpg in Resources */,
				1A38D7FD245555840099B3E7 /* capeVerde.jpg in Resources */,
				1A38D809245555840099B3E7 /* italy.jpg in Resources */,
				1A38D7FE245555840099B3E7 /* chile.jpg in Resources */,
				1A38D80A245555840099B3E7 /* japan.jpg in Resources */,
				1A38D801245555840099B3E7 /* czech.jpg in Resources */,
				1A38D808245555840099B3E7 /* israil.jpg in Resources */,
				1A0406E1245639330093655A /* fire.png in Resources */,
				1A38D814245555840099B3E7 /* usa.jpg in Resources */,
				1A0261A82454568C000259C5 /* Questations.plist in Resources */,
				1A38D812245555840099B3E7 /* turkey.jpg in Resources */,
				1A38D80C245555840099B3E7 /* saudi.jpg in Resources */,
				1A38D815245555840099B3E7 /* venezuela.jpg in Resources */,
				1A38D806245555840099B3E7 /* ghana.jpg in Resources */,
			);
			runOnlyForDeploymentPostprocessing = 0;
		};
/* End PBXResourcesBuildPhase section */

/* Begin PBXSourcesBuildPhase section */
		1A4E470524458E1900B4E8E0 /* Sources */ = {
			isa = PBXSourcesBuildPhase;
			buildActionMask = 2147483647;
			files = (
				1A4E471424458E1900B4E8E0 /* ViewController.m in Sources */,
				1A4E471124458E1900B4E8E0 /* AppDelegate.m in Sources */,
				1A4E470E24458E1900B4E8E0 /* main.m in Sources */,
			);
			runOnlyForDeploymentPostprocessing = 0;
		};
/* End PBXSourcesBuildPhase section */

/* Begin PBXVariantGroup section */
		1A4E471524458E1900B4E8E0 /* Main.storyboard */ = {
			isa = PBXVariantGroup;
			children = (
				1A4E471624458E1900B4E8E0 /* Base */,
			);
			name = Main.storyboard;
			sourceTree = "<group>";
		};
		1A4E471A24458E1900B4E8E0 /* LaunchScreen.storyboard */ = {
			isa = PBXVariantGroup;
			children = (
				1A4E471B24458E1900B4E8E0 /* Base */,
			);
			name = LaunchScreen.storyboard;
			sourceTree = "<group>";
		};
/* End PBXVariantGroup section */

/* Begin XCBuildConfiguration section */
		1A4E471E24458E1900B4E8E0 /* Debug */ = {
			isa = XCBuildConfiguration;
			buildSettings = {
				ALWAYS_SEARCH_USER_PATHS = NO;
				CLANG_ANALYZER_NONNULL = YES;
				CLANG_ANALYZER_NUMBER_OBJECT_CONVERSION = YES_AGGRESSIVE;
				CLANG_CXX_LANGUAGE_STANDARD = "gnu++0x";
				CLANG_CXX_LIBRARY = "libc++";
				CLANG_ENABLE_MODULES = YES;
				CLANG_ENABLE_OBJC_ARC = YES;
				CLANG_WARN_BOOL_CONVERSION = YES;
				CLANG_WARN_CONSTANT_CONVERSION = YES;
				CLANG_WARN_DIRECT_OBJC_ISA_USAGE = YES_ERROR;
				CLANG_WARN_DOCUMENTATION_COMMENTS = YES;
				CLANG_WARN_EMPTY_BODY = YES;
				CLANG_WARN_ENUM_CONVERSION = YES;
				CLANG_WARN_INFINITE_RECURSION = YES;
				CLANG_WARN_INT_CONVERSION = YES;
				CLANG_WARN_OBJC_ROOT_CLASS = YES_ERROR;
				CLANG_WARN_SUSPICIOUS_MOVE = YES;
				CLANG_WARN_UNREACHABLE_CODE = YES;
				CLANG_WARN__DUPLICATE_METHOD_MATCH = YES;
				"CODE_SIGN_IDENTITY[sdk=iphoneos*]" = "iPhone Developer";
				COPY_PHASE_STRIP = NO;
				DEBUG_INFORMATION_FORMAT = dwarf;
				ENABLE_STRICT_OBJC_MSGSEND = YES;
				ENABLE_TESTABILITY = YES;
				GCC_C_LANGUAGE_STANDARD = gnu99;
				GCC_DYNAMIC_NO_PIC = NO;
				GCC_NO_COMMON_BLOCKS = YES;
				GCC_OPTIMIZATION_LEVEL = 0;
				GCC_PREPROCESSOR_DEFINITIONS = (
					"DEBUG=1",
					"$(inherited)",
				);
				GCC_WARN_64_TO_32_BIT_CONVERSION = YES;
				GCC_WARN_ABOUT_RETURN_TYPE = YES_ERROR;
				GCC_WARN_UNDECLARED_SELECTOR = YES;
				GCC_WARN_UNINITIALIZED_AUTOS = YES_AGGRESSIVE;
				GCC_WARN_UNUSED_FUNCTION = YES;
				GCC_WARN_UNUSED_VARIABLE = YES;
				IPHONEOS_DEPLOYMENT_TARGET = 10.3;
				MTL_ENABLE_DEBUG_INFO = YES;
				ONLY_ACTIVE_ARCH = YES;
				SDKROOT = iphoneos;
				TARGETED_DEVICE_FAMILY = "1,2";
			};
			name = Debug;
		};
		1A4E471F24458E1900B4E8E0 /* Release */ = {
			isa = XCBuildConfiguration;
			buildSettings = {
				ALWAYS_SEARCH_USER_PATHS = NO;
				CLANG_ANALYZER_NONNULL = YES;
				CLANG_ANALYZER_NUMBER_OBJECT_CONVERSION = YES_AGGRESSIVE;
				CLANG_CXX_LANGUAGE_STANDARD = "gnu++0x";
				CLANG_CXX_LIBRARY = "libc++";
				CLANG_ENABLE_MODULES = YES;
				CLANG_ENABLE_OBJC_ARC = YES;
				CLANG_WARN_BOOL_CONVERSION = YES;
				CLANG_WARN_CONSTANT_CONVERSION = YES;
				CLANG_WARN_DIRECT_OBJC_ISA_USAGE = YES_ERROR;
				CLANG_WARN_DOCUMENTATION_COMMENTS = YES;
				CLANG_WARN_EMPTY_BODY = YES;
				CLANG_WARN_ENUM_CONVERSION = YES;
				CLANG_WARN_INFINITE_RECURSION = YES;
				CLANG_WARN_INT_CONVERSION = YES;
				CLANG_WARN_OBJC_ROOT_CLASS = YES_ERROR;
				CLANG_WARN_SUSPICIOUS_MOVE = YES;
				CLANG_WARN_UNREACHABLE_CODE = YES;
				CLANG_WARN__DUPLICATE_METHOD_MATCH = YES;
				"CODE_SIGN_IDENTITY[sdk=iphoneos*]" = "iPhone Developer";
				COPY_PHASE_STRIP = NO;
				DEBUG_INFORMATION_FORMAT = "dwarf-with-dsym";
				ENABLE_NS_ASSERTIONS = NO;
				ENABLE_STRICT_OBJC_MSGSEND = YES;
				GCC_C_LANGUAGE_STANDARD = gnu99;
				GCC_NO_COMMON_BLOCKS = YES;
				GCC_WARN_64_TO_32_BIT_CONVERSION = YES;
				GCC_WARN_ABOUT_RETURN_TYPE = YES_ERROR;
				GCC_WARN_UNDECLARED_SELECTOR = YES;
				GCC_WARN_UNINITIALIZED_AUTOS = YES_AGGRESSIVE;
				GCC_WARN_UNUSED_FUNCTION = YES;
				GCC_WARN_UNUSED_VARIABLE = YES;
				IPHONEOS_DEPLOYMENT_TARGET = 10.3;
				MTL_ENABLE_DEBUG_INFO = NO;
				SDKROOT = iphoneos;
				TARGETED_DEVICE_FAMILY = "1,2";
				VALIDATE_PRODUCT = YES;
			};
			name = Release;
		};
		1A4E472124458E1900B4E8E0 /* Debug */ = {
			isa = XCBuildConfiguration;
			buildSettings = {
				ASSETCATALOG_COMPILER_APPICON_NAME = AppIcon;
				INFOPLIST_FILE = CuisineTest/Info.plist;
				LD_RUNPATH_SEARCH_PATHS = "$(inherited) @executable_path/Frameworks";
				PRODUCT_BUNDLE_IDENTIFIER = pdpEdu.CuisineTest;
				PRODUCT_NAME = "$(TARGET_NAME)";
			};
			name = Debug;
		};
		1A4E472224458E1900B4E8E0 /* Release */ = {
			isa = XCBuildConfiguration;
			buildSettings = {
				ASSETCATALOG_COMPILER_APPICON_NAME = AppIcon;
				INFOPLIST_FILE = CuisineTest/Info.plist;
				LD_RUNPATH_SEARCH_PATHS = "$(inherited) @executable_path/Frameworks";
				PRODUCT_BUNDLE_IDENTIFIER = pdpEdu.CuisineTest;
				PRODUCT_NAME = "$(TARGET_NAME)";
			};
			name = Release;
		};
/* End XCBuildConfiguration section */

/* Begin XCConfigurationList section */
		1A4E470424458E1900B4E8E0 /* Build configuration list for PBXProject "CuisineTest" */ = {
			isa = XCConfigurationList;
			buildConfigurations = (
				1A4E471E24458E1900B4E8E0 /* Debug */,
				1A4E471F24458E1900B4E8E0 /* Release */,
			);
			defaultConfigurationIsVisible = 0;
			defaultConfigurationName = Release;
		};
		1A4E472024458E1900B4E8E0 /* Build configuration list for PBXNativeTarget "CuisineTest" */ = {
			isa = XCConfigurationList;
			buildConfigurations = (
				1A4E472124458E1900B4E8E0 /* Debug */,
				1A4E472224458E1900B4E8E0 /* Release */,
			);
			defaultConfigurationIsVisible = 0;
			defaultConfigurationName = Release;
		};
/* End XCConfigurationList section */
	};
	rootObject = 1A4E470124458E1900B4E8E0 /* Project object */;
}
